{
  "name": "fff-graphql-goodreads",
  "version": "1.0.0",
  "lockfileVersion": 1,
  "requires": true,
  "dependencies": {
    "accepts": {
      "version": "https://registry.npmjs.org/accepts/-/accepts-1.3.4.tgz",
      "integrity": "sha1-hiRnWMfdbSGmR0/whKR0DsBesh8=",
      "requires": {
        "mime-types": "https://registry.npmjs.org/mime-types/-/mime-types-2.1.17.tgz",
        "negotiator": "http://artifactory.gxicloud.com:80/artifactory/api/npm/npm_virtual/negotiator/-/negotiator-0.6.1.tgz"
      }
    },
    "array-flatten": {
      "version": "http://artifactory.gxicloud.com:80/artifactory/api/npm/npm_virtual/array-flatten/-/array-flatten-1.1.1.tgz",
      "integrity": "sha1-ml9pkFGx5wczKPKgCJaLZOopVdI="
    },
    "bytes": {
      "version": "http://artifactory.gxicloud.com:80/artifactory/api/npm/npm_virtual/bytes/-/bytes-3.0.0.tgz",
      "integrity": "sha1-0ygVQE1olpn4Wk6k+odV3ROpYEg="
    },
    "content-disposition": {
      "version": "http://artifactory.gxicloud.com:80/artifactory/api/npm/npm_virtual/content-disposition/-/content-disposition-0.5.2.tgz",
      "integrity": "sha1-DPaLud318r55YcOoUXjLhdunjLQ="
    },
    "content-type": {
      "version": "http://artifactory.gxicloud.com:80/artifactory/api/npm/npm_virtual/content-type/-/content-type-1.0.4.tgz",
      "integrity": "sha1-4TjMdeBAxyexlm/l5fjJruJW/js="
    },
    "cookie": {
      "version": "http://artifactory.gxicloud.com:80/artifactory/api/npm/npm_virtual/cookie/-/cookie-0.3.1.tgz",
      "integrity": "sha1-5+Ch+e9DtMi6klxcWpboBtFoc7s="
    },
    "cookie-signature": {
      "version": "http://artifactory.gxicloud.com:80/artifactory/api/npm/npm_virtual/cookie-signature/-/cookie-signature-1.0.6.tgz",
      "integrity": "sha1-4wOogrNCzD7oylE6eZmXNNqzriw="
    },
    "debug": {
      "version": "http://artifactory.gxicloud.com:80/artifactory/api/npm/npm_virtual/debug/-/debug-2.6.8.tgz",
      "integrity": "sha1-5zFTHKLt4n0YgiJCfaF4IdaP9Pw=",
      "requires": {
        "ms": "http://artifactory.gxicloud.com:80/artifactory/api/npm/npm_virtual/ms/-/ms-2.0.0.tgz"
      }
    },
    "depd": {
      "version": "http://artifactory.gxicloud.com:80/artifactory/api/npm/npm_virtual/depd/-/depd-1.1.1.tgz",
      "integrity": "sha1-V4O04cRZ8G+lyif5kfPQbnoxA1k="
    },
    "destroy": {
      "version": "http://artifactory.gxicloud.com:80/artifactory/api/npm/npm_virtual/destroy/-/destroy-1.0.4.tgz",
      "integrity": "sha1-l4hXRCxEdJ5CBmE+N5RiBYJqvYA="
    },
    "ee-first": {
      "version": "http://artifactory.gxicloud.com:80/artifactory/api/npm/npm_virtual/ee-first/-/ee-first-1.1.1.tgz",
      "integrity": "sha1-WQxhFWsK4vTwJVcyoViyZrxWsh0="
    },
    "encodeurl": {
      "version": "http://artifactory.gxicloud.com:80/artifactory/api/npm/npm_virtual/encodeurl/-/encodeurl-1.0.1.tgz",
      "integrity": "sha1-eePVhlU0aQn+bw9Fpd5oEDspTSA="
    },
    "encoding": {
      "version": "http://artifactory.gxicloud.com:80/artifactory/api/npm/npm_virtual/encoding/-/encoding-0.1.12.tgz",
      "integrity": "sha1-U4tm8+5izRq1HsMjgp0flIDHS+s=",
      "requires": {
        "iconv-lite": "http://artifactory.gxicloud.com:80/artifactory/api/npm/npm_virtual/iconv-lite/-/iconv-lite-0.4.19.tgz"
      }
    },
    "escape-html": {
      "version": "http://artifactory.gxicloud.com:80/artifactory/api/npm/npm_virtual/escape-html/-/escape-html-1.0.3.tgz",
      "integrity": "sha1-Aljq5NPQwJdN4cFpGI7wBR0dGYg="
    },
    "etag": {
      "version": "http://artifactory.gxicloud.com:80/artifactory/api/npm/npm_virtual/etag/-/etag-1.8.1.tgz",
      "integrity": "sha1-Qa4u62XvpiJorr/qg6x9eSmbCIc="
    },
    "express": {
      "version": "http://artifactory.gxicloud.com:80/artifactory/api/npm/npm_virtual/express/-/express-4.15.4.tgz",
      "integrity": "sha1-Ay4iU0ic+PzgJma+yj0R7XotrtE=",
      "requires": {
        "accepts": "https://registry.npmjs.org/accepts/-/accepts-1.3.4.tgz",
        "array-flatten": "http://artifactory.gxicloud.com:80/artifactory/api/npm/npm_virtual/array-flatten/-/array-flatten-1.1.1.tgz",
        "content-disposition": "http://artifactory.gxicloud.com:80/artifactory/api/npm/npm_virtual/content-disposition/-/content-disposition-0.5.2.tgz",
        "content-type": "http://artifactory.gxicloud.com:80/artifactory/api/npm/npm_virtual/content-type/-/content-type-1.0.4.tgz",
        "cookie": "http://artifactory.gxicloud.com:80/artifactory/api/npm/npm_virtual/cookie/-/cookie-0.3.1.tgz",
        "cookie-signature": "http://artifactory.gxicloud.com:80/artifactory/api/npm/npm_virtual/cookie-signature/-/cookie-signature-1.0.6.tgz",
        "debug": "http://artifactory.gxicloud.com:80/artifactory/api/npm/npm_virtual/debug/-/debug-2.6.8.tgz",
        "depd": "http://artifactory.gxicloud.com:80/artifactory/api/npm/npm_virtual/depd/-/depd-1.1.1.tgz",
        "encodeurl": "http://artifactory.gxicloud.com:80/artifactory/api/npm/npm_virtual/encodeurl/-/encodeurl-1.0.1.tgz",
        "escape-html": "http://artifactory.gxicloud.com:80/artifactory/api/npm/npm_virtual/escape-html/-/escape-html-1.0.3.tgz",
        "etag": "http://artifactory.gxicloud.com:80/artifactory/api/npm/npm_virtual/etag/-/etag-1.8.1.tgz",
        "finalhandler": "https://registry.npmjs.org/finalhandler/-/finalhandler-1.0.5.tgz",
        "fresh": "http://artifactory.gxicloud.com:80/artifactory/api/npm/npm_virtual/fresh/-/fresh-0.5.0.tgz",
        "merge-descriptors": "http://artifactory.gxicloud.com:80/artifactory/api/npm/npm_virtual/merge-descriptors/-/merge-descriptors-1.0.1.tgz",
        "methods": "http://artifactory.gxicloud.com:80/artifactory/api/npm/npm_virtual/methods/-/methods-1.1.2.tgz",
        "on-finished": "http://artifactory.gxicloud.com:80/artifactory/api/npm/npm_virtual/on-finished/-/on-finished-2.3.0.tgz",
        "parseurl": "http://artifactory.gxicloud.com:80/artifactory/api/npm/npm_virtual/parseurl/-/parseurl-1.3.2.tgz",
        "path-to-regexp": "http://artifactory.gxicloud.com:80/artifactory/api/npm/npm_virtual/path-to-regexp/-/path-to-regexp-0.1.7.tgz",
        "proxy-addr": "http://artifactory.gxicloud.com:80/artifactory/api/npm/npm_virtual/proxy-addr/-/proxy-addr-1.1.5.tgz",
        "qs": "http://artifactory.gxicloud.com:80/artifactory/api/npm/npm_virtual/qs/-/qs-6.5.0.tgz",
        "range-parser": "http://artifactory.gxicloud.com:80/artifactory/api/npm/npm_virtual/range-parser/-/range-parser-1.2.0.tgz",
        "send": "http://artifactory.gxicloud.com:80/artifactory/api/npm/npm_virtual/send/-/send-0.15.4.tgz",
        "serve-static": "http://artifactory.gxicloud.com:80/artifactory/api/npm/npm_virtual/serve-static/-/serve-static-1.12.4.tgz",
        "setprototypeof": "http://artifactory.gxicloud.com:80/artifactory/api/npm/npm_virtual/setprototypeof/-/setprototypeof-1.0.3.tgz",
        "statuses": "http://artifactory.gxicloud.com:80/artifactory/api/npm/npm_virtual/statuses/-/statuses-1.3.1.tgz",
        "type-is": "http://artifactory.gxicloud.com:80/artifactory/api/npm/npm_virtual/type-is/-/type-is-1.6.15.tgz",
        "utils-merge": "http://artifactory.gxicloud.com:80/artifactory/api/npm/npm_virtual/utils-merge/-/utils-merge-1.0.0.tgz",
        "vary": "http://artifactory.gxicloud.com:80/artifactory/api/npm/npm_virtual/vary/-/vary-1.1.1.tgz"
      }
    },
    "express-graphql": {
      "version": "http://artifactory.gxicloud.com:80/artifactory/api/npm/npm_virtual/express-graphql/-/express-graphql-0.6.11.tgz",
      "integrity": "sha1-Pc540GQ+eOfjYGZGzhYgJboFhas=",
      "requires": {
        "accepts": "https://registry.npmjs.org/accepts/-/accepts-1.3.4.tgz",
        "content-type": "http://artifactory.gxicloud.com:80/artifactory/api/npm/npm_virtual/content-type/-/content-type-1.0.4.tgz",
        "http-errors": "http://artifactory.gxicloud.com:80/artifactory/api/npm/npm_virtual/http-errors/-/http-errors-1.6.2.tgz",
        "raw-body": "http://artifactory.gxicloud.com:80/artifactory/api/npm/npm_virtual/raw-body/-/raw-body-2.3.2.tgz"
      }
    },
    "finalhandler": {
      "version": "https://registry.npmjs.org/finalhandler/-/finalhandler-1.0.5.tgz",
      "integrity": "sha1-pwEwPSV6G8gv6lR6M+WuiVMXI98=",
      "requires": {
        "debug": "http://artifactory.gxicloud.com:80/artifactory/api/npm/npm_virtual/debug/-/debug-2.6.8.tgz",
        "encodeurl": "http://artifactory.gxicloud.com:80/artifactory/api/npm/npm_virtual/encodeurl/-/encodeurl-1.0.1.tgz",
        "escape-html": "http://artifactory.gxicloud.com:80/artifactory/api/npm/npm_virtual/escape-html/-/escape-html-1.0.3.tgz",
        "on-finished": "http://artifactory.gxicloud.com:80/artifactory/api/npm/npm_virtual/on-finished/-/on-finished-2.3.0.tgz",
        "parseurl": "http://artifactory.gxicloud.com:80/artifactory/api/npm/npm_virtual/parseurl/-/parseurl-1.3.2.tgz",
        "statuses": "http://artifactory.gxicloud.com:80/artifactory/api/npm/npm_virtual/statuses/-/statuses-1.3.1.tgz",
        "unpipe": "http://artifactory.gxicloud.com:80/artifactory/api/npm/npm_virtual/unpipe/-/unpipe-1.0.0.tgz"
      }
    },
    "forwarded": {
      "version": "https://registry.npmjs.org/forwarded/-/forwarded-0.1.2.tgz",
      "integrity": "sha1-mMI9qxF1ZXuMBXPozszZGw/xjIQ="
    },
    "fresh": {
      "version": "http://artifactory.gxicloud.com:80/artifactory/api/npm/npm_virtual/fresh/-/fresh-0.5.0.tgz",
      "integrity": "sha1-9HTKXmqSRtb9jglTz6m5yAWvp44="
    },
    "graphql": {
      "version": "http://artifactory.gxicloud.com:80/artifactory/api/npm/npm_virtual/graphql/-/graphql-0.11.3.tgz",
      "integrity": "sha1-mTTi3yjxfTl6hfg8s50dF5v/70c=",
      "requires": {
        "iterall": "http://artifactory.gxicloud.com:80/artifactory/api/npm/npm_virtual/iterall/-/iterall-1.1.1.tgz"
      }
    },
    "http-errors": {
      "version": "http://artifactory.gxicloud.com:80/artifactory/api/npm/npm_virtual/http-errors/-/http-errors-1.6.2.tgz",
      "integrity": "sha1-CgAsyFcHGSp+eUbO7cERVfYOxzY=",
      "requires": {
        "depd": "http://artifactory.gxicloud.com:80/artifactory/api/npm/npm_virtual/depd/-/depd-1.1.1.tgz",
        "inherits": "http://artifactory.gxicloud.com:80/artifactory/api/npm/npm_virtual/inherits/-/inherits-2.0.3.tgz",
        "setprototypeof": "http://artifactory.gxicloud.com:80/artifactory/api/npm/npm_virtual/setprototypeof/-/setprototypeof-1.0.3.tgz",
        "statuses": "http://artifactory.gxicloud.com:80/artifactory/api/npm/npm_virtual/statuses/-/statuses-1.3.1.tgz"
      }
    },
    "iconv-lite": {
      "version": "http://artifactory.gxicloud.com:80/artifactory/api/npm/npm_virtual/iconv-lite/-/iconv-lite-0.4.19.tgz",
      "integrity": "sha1-90aPYBNfXl2tM5nAqBvpoWA6CCs="
    },
    "inherits": {
      "version": "http://artifactory.gxicloud.com:80/artifactory/api/npm/npm_virtual/inherits/-/inherits-2.0.3.tgz",
      "integrity": "sha1-Yzwsg+PaQqUC9SRmAiSA9CCCYd4="
    },
    "ipaddr.js": {
      "version": "http://artifactory.gxicloud.com:80/artifactory/api/npm/npm_virtual/ipaddr.js/-/ipaddr.js-1.4.0.tgz",
      "integrity": "sha1-KWrKh4qCGBbluF0KKFqZvP9FgvA="
    },
    "is-stream": {
      "version": "http://artifactory.gxicloud.com:80/artifactory/api/npm/npm_virtual/is-stream/-/is-stream-1.1.0.tgz",
      "integrity": "sha1-EtSj3U5o4Lec6428hBc66A2RykQ="
    },
    "iterall": {
      "version": "http://artifactory.gxicloud.com:80/artifactory/api/npm/npm_virtual/iterall/-/iterall-1.1.1.tgz",
      "integrity": "sha1-9/CvEemgTsZCYmD1AZ2fzKTVAhQ="
    },
    "media-typer": {
      "version": "http://artifactory.gxicloud.com:80/artifactory/api/npm/npm_virtual/media-typer/-/media-typer-0.3.0.tgz",
      "integrity": "sha1-hxDXrwqmJvj/+hzgAWhUUmMlV0g="
    },
    "merge-descriptors": {
      "version": "http://artifactory.gxicloud.com:80/artifactory/api/npm/npm_virtual/merge-descriptors/-/merge-descriptors-1.0.1.tgz",
      "integrity": "sha1-sAqqVW3YtEVoFQ7J0blT8/kMu2E="
    },
    "methods": {
      "version": "http://artifactory.gxicloud.com:80/artifactory/api/npm/npm_virtual/methods/-/methods-1.1.2.tgz",
      "integrity": "sha1-VSmk1nZUE07cxSZmVoNbD4Ua/O4="
    },
    "mime": {
      "version": "http://artifactory.gxicloud.com:80/artifactory/api/npm/npm_virtual/mime/-/mime-1.3.4.tgz",
      "integrity": "sha1-EV+eO2s9rylZmDyzjxSaLUDrXVM="
    },
    "mime-db": {
      "version": "https://registry.npmjs.org/mime-db/-/mime-db-1.30.0.tgz",
      "integrity": "sha1-dMZD2i3Z1qRTmZY0ZbJtXKfXHwE="
    },
    "mime-types": {
      "version": "https://registry.npmjs.org/mime-types/-/mime-types-2.1.17.tgz",
      "integrity": "sha1-Cdejk/A+mVp5+K+Fe3Cp4KsWVXo=",
      "requires": {
        "mime-db": "https://registry.npmjs.org/mime-db/-/mime-db-1.30.0.tgz"
      }
    },
    "ms": {
      "version": "http://artifactory.gxicloud.com:80/artifactory/api/npm/npm_virtual/ms/-/ms-2.0.0.tgz",
      "integrity": "sha1-VgiurfwAvmwpAd9fmGF4jeDVl8g="
    },
    "negotiator": {
      "version": "http://artifactory.gxicloud.com:80/artifactory/api/npm/npm_virtual/negotiator/-/negotiator-0.6.1.tgz",
      "integrity": "sha1-KzJxhOiZIQEXeyhWP7XnECrNDKk="
    },
    "node-fetch": {
      "version": "http://artifactory.gxicloud.com:80/artifactory/api/npm/npm_virtual/node-fetch/-/node-fetch-1.7.3.tgz",
      "integrity": "sha1-mA9vcthSEaU0fGsrwYxbhMPrR+8=",
      "requires": {
        "encoding": "http://artifactory.gxicloud.com:80/artifactory/api/npm/npm_virtual/encoding/-/encoding-0.1.12.tgz",
        "is-stream": "http://artifactory.gxicloud.com:80/artifactory/api/npm/npm_virtual/is-stream/-/is-stream-1.1.0.tgz"
      }
    },
    "on-finished": {
      "version": "http://artifactory.gxicloud.com:80/artifactory/api/npm/npm_virtual/on-finished/-/on-finished-2.3.0.tgz",
      "integrity": "sha1-IPEzZIGwg811M3mSoWlxqi2QaUc=",
      "requires": {
        "ee-first": "http://artifactory.gxicloud.com:80/artifactory/api/npm/npm_virtual/ee-first/-/ee-first-1.1.1.tgz"
      }
    },
    "parseurl": {
      "version": "http://artifactory.gxicloud.com:80/artifactory/api/npm/npm_virtual/parseurl/-/parseurl-1.3.2.tgz",
      "integrity": "sha1-/CidTtiZMRlGDBViUyYs3I3mW/M="
    },
    "path-to-regexp": {
      "version": "http://artifactory.gxicloud.com:80/artifactory/api/npm/npm_virtual/path-to-regexp/-/path-to-regexp-0.1.7.tgz",
      "integrity": "sha1-32BBeABfUi8V60SQ5yR6G/qmf4w="
    },
    "proxy-addr": {
      "version": "http://artifactory.gxicloud.com:80/artifactory/api/npm/npm_virtual/proxy-addr/-/proxy-addr-1.1.5.tgz",
      "integrity": "sha1-ccDuOxAt4/IC87ZPYI0XP8uhqRg=",
      "requires": {
        "forwarded": "https://registry.npmjs.org/forwarded/-/forwarded-0.1.2.tgz",
        "ipaddr.js": "http://artifactory.gxicloud.com:80/artifactory/api/npm/npm_virtual/ipaddr.js/-/ipaddr.js-1.4.0.tgz"
      }
    },
    "qs": {
      "version": "http://artifactory.gxicloud.com:80/artifactory/api/npm/npm_virtual/qs/-/qs-6.5.0.tgz",
      "integrity": "sha1-jQSVTTZN7z78VbWgeT4eLIsebkk="
    },
    "range-parser": {
      "version": "http://artifactory.gxicloud.com:80/artifactory/api/npm/npm_virtual/range-parser/-/range-parser-1.2.0.tgz",
      "integrity": "sha1-9JvmtIeJTdxA3MlKMi9hEJLgDV4="
    },
    "raw-body": {
      "version": "http://artifactory.gxicloud.com:80/artifactory/api/npm/npm_virtual/raw-body/-/raw-body-2.3.2.tgz",
      "integrity": "sha1-vNYMd9Prk83gBQKVw/N5OJvIj4k=",
      "requires": {
        "bytes": "http://artifactory.gxicloud.com:80/artifactory/api/npm/npm_virtual/bytes/-/bytes-3.0.0.tgz",
        "http-errors": "http://artifactory.gxicloud.com:80/artifactory/api/npm/npm_virtual/http-errors/-/http-errors-1.6.2.tgz",
        "iconv-lite": "http://artifactory.gxicloud.com:80/artifactory/api/npm/npm_virtual/iconv-lite/-/iconv-lite-0.4.19.tgz",
        "unpipe": "http://artifactory.gxicloud.com:80/artifactory/api/npm/npm_virtual/unpipe/-/unpipe-1.0.0.tgz"
      }
    },
    "sax": {
      "version": "http://artifactory.gxicloud.com:80/artifactory/api/npm/npm_virtual/sax/-/sax-1.2.4.tgz",
      "integrity": "sha1-KBYjTiN4vdxOU1T6tcqold9xANk="
    },
    "send": {
      "version": "http://artifactory.gxicloud.com:80/artifactory/api/npm/npm_virtual/send/-/send-0.15.4.tgz",
      "integrity": "sha1-mF+qPihLAnPHkzZKNcZze9k5Bbk=",
      "requires": {
        "debug": "http://artifactory.gxicloud.com:80/artifactory/api/npm/npm_virtual/debug/-/debug-2.6.8.tgz",
        "depd": "http://artifactory.gxicloud.com:80/artifactory/api/npm/npm_virtual/depd/-/depd-1.1.1.tgz",
        "destroy": "http://artifactory.gxicloud.com:80/artifactory/api/npm/npm_virtual/destroy/-/destroy-1.0.4.tgz",
        "encodeurl": "http://artifactory.gxicloud.com:80/artifactory/api/npm/npm_virtual/encodeurl/-/encodeurl-1.0.1.tgz",
        "escape-html": "http://artifactory.gxicloud.com:80/artifactory/api/npm/npm_virtual/escape-html/-/escape-html-1.0.3.tgz",
        "etag": "http://artifactory.gxicloud.com:80/artifactory/api/npm/npm_virtual/etag/-/etag-1.8.1.tgz",
        "fresh": "http://artifactory.gxicloud.com:80/artifactory/api/npm/npm_virtual/fresh/-/fresh-0.5.0.tgz",
        "http-errors": "http://artifactory.gxicloud.com:80/artifactory/api/npm/npm_virtual/http-errors/-/http-errors-1.6.2.tgz",
        "mime": "http://artifactory.gxicloud.com:80/artifactory/api/npm/npm_virtual/mime/-/mime-1.3.4.tgz",
        "ms": "http://artifactory.gxicloud.com:80/artifactory/api/npm/npm_virtual/ms/-/ms-2.0.0.tgz",
        "on-finished": "http://artifactory.gxicloud.com:80/artifactory/api/npm/npm_virtual/on-finished/-/on-finished-2.3.0.tgz",
        "range-parser": "http://artifactory.gxicloud.com:80/artifactory/api/npm/npm_virtual/range-parser/-/range-parser-1.2.0.tgz",
        "statuses": "http://artifactory.gxicloud.com:80/artifactory/api/npm/npm_virtual/statuses/-/statuses-1.3.1.tgz"
      }
    },
    "serve-static": {
      "version": "http://artifactory.gxicloud.com:80/artifactory/api/npm/npm_virtual/serve-static/-/serve-static-1.12.4.tgz",
      "integrity": "sha1-m2qpjutyU8Tu3Ewfb9vKYJkBqWE=",
      "requires": {
        "encodeurl": "http://artifactory.gxicloud.com:80/artifactory/api/npm/npm_virtual/encodeurl/-/encodeurl-1.0.1.tgz",
        "escape-html": "http://artifactory.gxicloud.com:80/artifactory/api/npm/npm_virtual/escape-html/-/escape-html-1.0.3.tgz",
        "parseurl": "http://artifactory.gxicloud.com:80/artifactory/api/npm/npm_virtual/parseurl/-/parseurl-1.3.2.tgz",
        "send": "http://artifactory.gxicloud.com:80/artifactory/api/npm/npm_virtual/send/-/send-0.15.4.tgz"
      }
    },
    "setprototypeof": {
      "version": "http://artifactory.gxicloud.com:80/artifactory/api/npm/npm_virtual/setprototypeof/-/setprototypeof-1.0.3.tgz",
      "integrity": "sha1-ZlZ+NwQ+608E2RvWWMDL77VbjgQ="
    },
    "statuses": {
      "version": "http://artifactory.gxicloud.com:80/artifactory/api/npm/npm_virtual/statuses/-/statuses-1.3.1.tgz",
      "integrity": "sha1-+vUbnrdKrvOzrPStX2Gr8ky3uT4="
    },
    "type-is": {
      "version": "http://artifactory.gxicloud.com:80/artifactory/api/npm/npm_virtual/type-is/-/type-is-1.6.15.tgz",
      "integrity": "sha1-yrEPtJCeRByChC6v4a1kbIGARBA=",
      "requires": {
        "media-typer": "http://artifactory.gxicloud.com:80/artifactory/api/npm/npm_virtual/media-typer/-/media-typer-0.3.0.tgz",
        "mime-types": "https://registry.npmjs.org/mime-types/-/mime-types-2.1.17.tgz"
      }
    },
    "unpipe": {
      "version": "http://artifactory.gxicloud.com:80/artifactory/api/npm/npm_virtual/unpipe/-/unpipe-1.0.0.tgz",
      "integrity": "sha1-sr9O6FFKrmFltIF4KdIbLvSZBOw="
    },
    "util": {
      "version": "0.10.3",
      "resolved": "https://registry.npmjs.org/util/-/util-0.10.3.tgz",
      "integrity": "sha1-evsa/lCAUkZInj23/g7TeTNqwPk=",
      "requires": {
        "inherits": "2.0.1"
      },
      "dependencies": {
        "inherits": {
          "version": "2.0.1",
          "resolved": "https://registry.npmjs.org/inherits/-/inherits-2.0.1.tgz",
          "integrity": "sha1-sX0I0ya0Qj5Wjv9xn5GwscvfafE="
        }
      }
    },
    "utils-merge": {
      "version": "http://artifactory.gxicloud.com:80/artifactory/api/npm/npm_virtual/utils-merge/-/utils-merge-1.0.0.tgz",
      "integrity": "sha1-ApT7kiu5N1FTVBxPcJYjHyh8ivg="
    },
    "vary": {
      "version": "http://artifactory.gxicloud.com:80/artifactory/api/npm/npm_virtual/vary/-/vary-1.1.1.tgz",
      "integrity": "sha1-Z1Neu2lMHVIldFeYRmUyP1h+jTc="
    },
    "xml2js": {
      "version": "https://registry.npmjs.org/xml2js/-/xml2js-0.4.19.tgz",
      "integrity": "sha1-aGwg8hMgnpSr8NG88e+qKRx4J6c=",
      "requires": {
        "sax": "http://artifactory.gxicloud.com:80/artifactory/api/npm/npm_virtual/sax/-/sax-1.2.4.tgz",
        "xmlbuilder": "https://registry.npmjs.org/xmlbuilder/-/xmlbuilder-9.0.4.tgz"
      }
    },
    "xmlbuilder": {
      "version": "https://registry.npmjs.org/xmlbuilder/-/xmlbuilder-9.0.4.tgz",
      "integrity": "sha1-UZy0ymhtAFqEINNJbz8MruzKWA8="
    }
  }
}
